
Microsoft Visual Studio Solution File, Format Version 12.00
# Visual Studio Version 16
VisualStudioVersion = 16.0.31205.134
MinimumVisualStudioVersion = 10.0.40219.1
Project("{9A19103F-16F7-4668-BE54-9A1E7A4F7556}") = "eShopSolution.WebApp", "eShopSolution.WebApp\eShopSolution.WebApp.csproj", "{F1340989-5B14-47C6-A68B-7C2C99815590}"
EndProject
Project("{2150E333-8FDC-42A3-9474-1A3956D46DE8}") = "Solution Items", "Solution Items", "{D4E07855-A5C2-43FB-A113-F0637725B8F3}"
	ProjectSection(SolutionItems) = preProject
		REAME.md = REAME.md
	EndProjectSection
EndProject
Project("{9A19103F-16F7-4668-BE54-9A1E7A4F7556}") = "eShopSolution.Data", "eShopSolution.Data\eShopSolution.Data.csproj", "{BB7163D8-BFFB-4B5C-BBF9-EF7033E79CC1}"
EndProject
Project("{9A19103F-16F7-4668-BE54-9A1E7A4F7556}") = "eShopSolution.Application", "eShopSolution.Application\eShopSolution.Application.csproj", "{9111FA48-E610-43A8-8B07-3BAEEFB0CF67}"
EndProject
Project("{9A19103F-16F7-4668-BE54-9A1E7A4F7556}") = "eShopSolution.Utilities", "eShopSolution.Utilities\eShopSolution.Utilities.csproj", "{9796EF91-5D4E-45A4-8625-140BB9B98F0A}"
EndProject
Project("{FAE04EC0-301F-11D3-BF4B-00C04F79EFBC}") = "eShopSolution.ViewModels", "eShopSolution.ViewModels\eShopSolution.ViewModels.csproj", "{34321713-0400-46AF-96C2-80ABFCA2DA75}"
EndProject
Global
	GlobalSection(SolutionConfigurationPlatforms) = preSolution
		Debug|Any CPU = Debug|Any CPU
		Release|Any CPU = Release|Any CPU
	EndGlobalSection
	GlobalSection(ProjectConfigurationPlatforms) = postSolution
		{F1340989-5B14-47C6-A68B-7C2C99815590}.Debug|Any CPU.ActiveCfg = Debug|Any CPU
		{F1340989-5B14-47C6-A68B-7C2C99815590}.Debug|Any CPU.Build.0 = Debug|Any CPU
		{F1340989-5B14-47C6-A68B-7C2C99815590}.Release|Any CPU.ActiveCfg = Release|Any CPU
		{F1340989-5B14-47C6-A68B-7C2C99815590}.Release|Any CPU.Build.0 = Release|Any CPU
		{BB7163D8-BFFB-4B5C-BBF9-EF7033E79CC1}.Debug|Any CPU.ActiveCfg = Debug|Any CPU
		{BB7163D8-BFFB-4B5C-BBF9-EF7033E79CC1}.Debug|Any CPU.Build.0 = Debug|Any CPU
		{BB7163D8-BFFB-4B5C-BBF9-EF7033E79CC1}.Release|Any CPU.ActiveCfg = Release|Any CPU
		{BB7163D8-BFFB-4B5C-BBF9-EF7033E79CC1}.Release|Any CPU.Build.0 = Release|Any CPU
		{9111FA48-E610-43A8-8B07-3BAEEFB0CF67}.Debug|Any CPU.ActiveCfg = Debug|Any CPU
		{9111FA48-E610-43A8-8B07-3BAEEFB0CF67}.Debug|Any CPU.Build.0 = Debug|Any CPU
		{9111FA48-E610-43A8-8B07-3BAEEFB0CF67}.Release|Any CPU.ActiveCfg = Release|Any CPU
		{9111FA48-E610-43A8-8B07-3BAEEFB0CF67}.Release|Any CPU.Build.0 = Release|Any CPU
		{9796EF91-5D4E-45A4-8625-140BB9B98F0A}.Debug|Any CPU.ActiveCfg = Debug|Any CPU
		{9796EF91-5D4E-45A4-8625-140BB9B98F0A}.Debug|Any CPU.Build.0 = Debug|Any CPU
		{9796EF91-5D4E-45A4-8625-140BB9B98F0A}.Release|Any CPU.ActiveCfg = Release|Any CPU
		{9796EF91-5D4E-45A4-8625-140BB9B98F0A}.Release|Any CPU.Build.0 = Release|Any CPU
		{34321713-0400-46AF-96C2-80ABFCA2DA75}.Debug|Any CPU.ActiveCfg = Debug|Any CPU
		{34321713-0400-46AF-96C2-80ABFCA2DA75}.Debug|Any CPU.Build.0 = Debug|Any CPU
		{34321713-0400-46AF-96C2-80ABFCA2DA75}.Release|Any CPU.ActiveCfg = Release|Any CPU
		{34321713-0400-46AF-96C2-80ABFCA2DA75}.Release|Any CPU.Build.0 = Release|Any CPU
	EndGlobalSection
	GlobalSection(SolutionProperties) = preSolution
		HideSolutionNode = FALSE
	EndGlobalSection
	GlobalSection(ExtensibilityGlobals) = postSolution
		SolutionGuid = {6EBA1C84-F1A5-4085-9360-261B24B2B91A}
	EndGlobalSection
EndGlobal
