
Microsoft Visual Studio Solution File, Format Version 12.00
# Visual Studio Version 16
VisualStudioVersion = 16.0.31205.134
MinimumVisualStudioVersion = 10.0.40219.1
Project("{FAE04EC0-301F-11D3-BF4B-00C04F79EFBC}") = "eShopSolution.WebApp", "eShopSolution.WebApp\eShopSolution.WebApp.csproj", "{F1340989-5B14-47C6-A68B-7C2C99815590}"
EndProject
Project("{2150E333-8FDC-42A3-9474-1A3956D46DE8}") = "Solution Items", "Solution Items", "{D4E07855-A5C2-43FB-A113-F0637725B8F3}"
	ProjectSection(SolutionItems) = preProject
		REAME.md = REAME.md
	EndProjectSection
EndProject
Global
	GlobalSection(SolutionConfigurationPlatforms) = preSolution
		Debug|Any CPU = Debug|Any CPU
		Release|Any CPU = Release|Any CPU
	EndGlobalSection
	GlobalSection(ProjectConfigurationPlatforms) = postSolution
		{F1340989-5B14-47C6-A68B-7C2C99815590}.Debug|Any CPU.ActiveCfg = Debug|Any CPU
		{F1340989-5B14-47C6-A68B-7C2C99815590}.Debug|Any CPU.Build.0 = Debug|Any CPU
		{F1340989-5B14-47C6-A68B-7C2C99815590}.Release|Any CPU.ActiveCfg = Release|Any CPU
		{F1340989-5B14-47C6-A68B-7C2C99815590}.Release|Any CPU.Build.0 = Release|Any CPU
	EndGlobalSection
	GlobalSection(SolutionProperties) = preSolution
		HideSolutionNode = FALSE
	EndGlobalSection
	GlobalSection(ExtensibilityGlobals) = postSolution
		SolutionGuid = {6EBA1C84-F1A5-4085-9360-261B24B2B91A}
	EndGlobalSection
EndGlobal
